PODS:
  - Flutter (1.0.0)
  - flutter_aliyun_captcha (1.0.4):
    - Flutter

DEPENDENCIES:
  - Flutter (from `Flutter`)
  - flutter_aliyun_captcha (from `.symlinks/plugins/flutter_aliyun_captcha/ios`)

EXTERNAL SOURCES:
  Flutter:
    :path: Flutter
  flutter_aliyun_captcha:
    :path: ".symlinks/plugins/flutter_aliyun_captcha/ios"

SPEC CHECKSUMS:
  Flutter: 434fef37c0980e73bb6479ef766c45957d4b510c
  flutter_aliyun_captcha: ae5a6d128035eb2075be2a99606bb58bea31cffe

PODFILE CHECKSUM: 8e679eca47255a8ca8067c4c67aab20e64cb974d

COCOAPODS: 1.10.1
