PODS:
  - Flutter (1.0.0)
  - flutter_aliyun_captcha (0.0.1):
    - Flutter

DEPENDENCIES:
  - Flutter (from `Flutter`)
  - flutter_aliyun_captcha (from `.symlinks/plugins/flutter_aliyun_captcha/ios`)

EXTERNAL SOURCES:
  Flutter:
    :path: Flutter
  flutter_aliyun_captcha:
    :path: ".symlinks/plugins/flutter_aliyun_captcha/ios"

SPEC CHECKSUMS:
  Flutter: 0e3d915762c693b495b44d77113d4970485de6ec
  flutter_aliyun_captcha: 50f21c24b0b80c06a7615851fffd87c8ce48fb25

PODFILE CHECKSUM: f32fb4e7c14f8b3ca19a369d7be425dd9241af27

COCOAPODS: 1.9.1
